// !$*UTF8*$!
{
	archiveVersion = 1;
	classes = {
	};
	objectVersion = 50;
	objects = {

/* Begin PBXBuildFile section */
		B41237DC23A3A8160000567D /* AppDelegate.swift in Sources */ = {isa = PBXBuildFile; fileRef = B41237DB23A3A8160000567D /* AppDelegate.swift */; };
		B41237DE23A3A8160000567D /* GameScene.sks in Resources */ = {isa = PBXBuildFile; fileRef = B41237DD23A3A8160000567D /* GameScene.sks */; };
		B41237E023A3A8160000567D /* Actions.sks in Resources */ = {isa = PBXBuildFile; fileRef = B41237DF23A3A8160000567D /* Actions.sks */; };
		B41237E223A3A8160000567D /* GameScene.swift in Sources */ = {isa = PBXBuildFile; fileRef = B41237E123A3A8160000567D /* GameScene.swift */; };
		B41237E423A3A8160000567D /* GameViewController.swift in Sources */ = {isa = PBXBuildFile; fileRef = B41237E323A3A8160000567D /* GameViewController.swift */; };
		B41237E723A3A8160000567D /* Main.storyboard in Resources */ = {isa = PBXBuildFile; fileRef = B41237E523A3A8160000567D /* Main.storyboard */; };
		B41237E923A3A81A0000567D /* Assets.xcassets in Resources */ = {isa = PBXBuildFile; fileRef = B41237E823A3A81A0000567D /* Assets.xcassets */; };
		B41237EC23A3A81A0000567D /* LaunchScreen.storyboard in Resources */ = {isa = PBXBuildFile; fileRef = B41237EA23A3A81A0000567D /* LaunchScreen.storyboard */; };
/* End PBXBuildFile section */

/* Begin PBXFileReference section */
		B41237D823A3A8160000567D /* Mario.app */ = {isa = PBXFileReference; explicitFileType = wrapper.application; includeInIndex = 0; path = Mario.app; sourceTree = BUILT_PRODUCTS_DIR; };
		B41237DB23A3A8160000567D /* AppDelegate.swift */ = {isa = PBXFileReference; lastKnownFileType = sourcecode.swift; path = AppDelegate.swift; sourceTree = "<group>"; };
		B41237DD23A3A8160000567D /* GameScene.sks */ = {isa = PBXFileReference; lastKnownFileType = file.sks; path = GameScene.sks; sourceTree = "<group>"; };
		B41237DF23A3A8160000567D /* Actions.sks */ = {isa = PBXFileReference; lastKnownFileType = file.sks; path = Actions.sks; sourceTree = "<group>"; };
		B41237E123A3A8160000567D /* GameScene.swift */ = {isa = PBXFileReference; lastKnownFileType = sourcecode.swift; path = GameScene.swift; sourceTree = "<group>"; };
		B41237E323A3A8160000567D /* GameViewController.swift */ = {isa = PBXFileReference; lastKnownFileType = sourcecode.swift; path = GameViewController.swift; sourceTree = "<group>"; };
		B41237E623A3A8160000567D /* Base */ = {isa = PBXFileReference; lastKnownFileType = file.storyboard; name = Base; path = Base.lproj/Main.storyboard; sourceTree = "<group>"; };
		B41237E823A3A81A0000567D /* Assets.xcassets */ = {isa = PBXFileReference; lastKnownFileType = folder.assetcatalog; path = Assets.xcassets; sourceTree = "<group>"; };
		B41237EB23A3A81A0000567D /* Base */ = {isa = PBXFileReference; lastKnownFileType = file.storyboard; name = Base; path = Base.lproj/LaunchScreen.storyboard; sourceTree = "<group>"; };
		B41237ED23A3A81A0000567D /* Info.plist */ = {isa = PBXFileReference; lastKnownFileType = text.plist.xml; path = Info.plist; sourceTree = "<group>"; };
/* End PBXFileReference section */

/* Begin PBXFrameworksBuildPhase section */
		B41237D523A3A8160000567D /* Frameworks */ = {
			isa = PBXFrameworksBuildPhase;
			buildActionMask = 2147483647;
			files = (
			);
			runOnlyForDeploymentPostprocessing = 0;
		};
/* End PBXFrameworksBuildPhase section */

/* Begin PBXGroup section */
		B41237CF23A3A8160000567D = {
			isa = PBXGroup;
			children = (
				B41237DA23A3A8160000567D /* Mario */,
				B41237D923A3A8160000567D /* Products */,
			);
			sourceTree = "<group>";
		};
		B41237D923A3A8160000567D /* Products */ = {
			isa = PBXGroup;
			children = (
				B41237D823A3A8160000567D /* Mario.app */,
			);
			name = Products;
			sourceTree = "<group>";
		};
		B41237DA23A3A8160000567D /* Mario */ = {
			isa = PBXGroup;
			children = (
				B41237DB23A3A8160000567D /* AppDelegate.swift */,
				B41237DD23A3A8160000567D /* GameScene.sks */,
				B41237DF23A3A8160000567D /* Actions.sks */,
				B41237E123A3A8160000567D /* GameScene.swift */,
				B41237E323A3A8160000567D /* GameViewController.swift */,
				B41237E523A3A8160000567D /* Main.storyboard */,
				B41237E823A3A81A0000567D /* Assets.xcassets */,
				B41237EA23A3A81A0000567D /* LaunchScreen.storyboard */,
				B41237ED23A3A81A0000567D /* Info.plist */,
			);
			path = Mario;
			sourceTree = "<group>";
		};
/* End PBXGroup section */

/* Begin PBXNativeTarget section */
		B41237D723A3A8160000567D /* Mario */ = {
			isa = PBXNativeTarget;
			buildConfigurationList = B41237F023A3A81A0000567D /* Build configuration list for PBXNativeTarget "Mario" */;
			buildPhases = (
				B41237D423A3A8160000567D /* Sources */,
				B41237D523A3A8160000567D /* Frameworks */,
				B41237D623A3A8160000567D /* Resources */,
			);
			buildRules = (
			);
			dependencies = (
			);
			name = Mario;
			productName = Mario;
			productReference = B41237D823A3A8160000567D /* Mario.app */;
			productType = "com.apple.product-type.application";
		};
/* End PBXNativeTarget section */

/* Begin PBXProject section */
		B41237D023A3A8160000567D /* Project object */ = {
			isa = PBXProject;
			attributes = {
				LastSwiftUpdateCheck = 1120;
				LastUpgradeCheck = 1120;
				ORGANIZATIONNAME = dmtrii;
				TargetAttributes = {
					B41237D723A3A8160000567D = {
						CreatedOnToolsVersion = 11.2;
					};
				};
			};
			buildConfigurationList = B41237D323A3A8160000567D /* Build configuration list for PBXProject "Mario" */;
			compatibilityVersion = "Xcode 9.3";
			developmentRegion = en;
			hasScannedForEncodings = 0;
			knownRegions = (
				en,
				Base,
			);
			mainGroup = B41237CF23A3A8160000567D;
			productRefGroup = B41237D923A3A8160000567D /* Products */;
			projectDirPath = "";
			projectRoot = "";
			targets = (
				B41237D723A3A8160000567D /* Mario */,
			);
		};
/* End PBXProject section */

/* Begin PBXResourcesBuildPhase section */
		B41237D623A3A8160000567D /* Resources */ = {
			isa = PBXResourcesBuildPhase;
			buildActionMask = 2147483647;
			files = (
				B41237E723A3A8160000567D /* Main.storyboard in Resources */,
				B41237DE23A3A8160000567D /* GameScene.sks in Resources */,
				B41237E923A3A81A0000567D /* Assets.xcassets in Resources */,
				B41237EC23A3A81A0000567D /* LaunchScreen.storyboard in Resources */,
				B41237E023A3A8160000567D /* Actions.sks in Resources */,
			);
			runOnlyForDeploymentPostprocessing = 0;
		};
/* End PBXResourcesBuildPhase section */

/* Begin PBXSourcesBuildPhase section */
		B41237D423A3A8160000567D /* Sources */ = {
			isa = PBXSourcesBuildPhase;
			buildActionMask = 2147483647;
			files = (
				B41237E223A3A8160000567D /* GameScene.swift in Sources */,
				B41237E423A3A8160000567D /* GameViewController.swift in Sources */,
				B41237DC23A3A8160000567D /* AppDelegate.swift in Sources */,
			);
			runOnlyForDeploymentPostprocessing = 0;
		};
/* End PBXSourcesBuildPhase section */

/* Begin PBXVariantGroup section */
		B41237E523A3A8160000567D /* Main.storyboard */ = {
			isa = PBXVariantGroup;
			children = (
				B41237E623A3A8160000567D /* Base */,
			);
			name = Main.storyboard;
			sourceTree = "<group>";
		};
		B41237EA23A3A81A0000567D /* LaunchScreen.storyboard */ = {
			isa = PBXVariantGroup;
			children = (
				B41237EB23A3A81A0000567D /* Base */,
			);
			name = LaunchScreen.storyboard;
			sourceTree = "<group>";
		};
/* End PBXVariantGroup section */

/* Begin XCBuildConfiguration section */
		B41237EE23A3A81A0000567D /* Debug */ = {
			isa = XCBuildConfiguration;
			buildSettings = {
				ALWAYS_SEARCH_USER_PATHS = NO;
				CLANG_ANALYZER_NONNULL = YES;
				CLANG_ANALYZER_NUMBER_OBJECT_CONVERSION = YES_AGGRESSIVE;
				CLANG_CXX_LANGUAGE_STANDARD = "gnu++14";
				CLANG_CXX_LIBRARY = "libc++";
				CLANG_ENABLE_MODULES = YES;
				CLANG_ENABLE_OBJC_ARC = YES;
				CLANG_ENABLE_OBJC_WEAK = YES;
				CLANG_WARN_BLOCK_CAPTURE_AUTORELEASING = YES;
				CLANG_WARN_BOOL_CONVERSION = YES;
				CLANG_WARN_COMMA = YES;
				CLANG_WARN_CONSTANT_CONVERSION = YES;
				CLANG_WARN_DEPRECATED_OBJC_IMPLEMENTATIONS = YES;
				CLANG_WARN_DIRECT_OBJC_ISA_USAGE = YES_ERROR;
				CLANG_WARN_DOCUMENTATION_COMMENTS = YES;
				CLANG_WARN_EMPTY_BODY = YES;
				CLANG_WARN_ENUM_CONVERSION = YES;
				CLANG_WARN_INFINITE_RECURSION = YES;
				CLANG_WARN_INT_CONVERSION = YES;
				CLANG_WARN_NON_LITERAL_NULL_CONVERSION = YES;
				CLANG_WARN_OBJC_IMPLICIT_RETAIN_SELF = YES;
				CLANG_WARN_OBJC_LITERAL_CONVERSION = YES;
				CLANG_WARN_OBJC_ROOT_CLASS = YES_ERROR;
				CLANG_WARN_RANGE_LOOP_ANALYSIS = YES;
				CLANG_WARN_STRICT_PROTOTYPES = YES;
				CLANG_WARN_SUSPICIOUS_MOVE = YES;
				CLANG_WARN_UNGUARDED_AVAILABILITY = YES_AGGRESSIVE;
				CLANG_WARN_UNREACHABLE_CODE = YES;
				CLANG_WARN__DUPLICATE_METHOD_MATCH = YES;
				COPY_PHASE_STRIP = NO;
				DEBUG_INFORMATION_FORMAT = dwarf;
				ENABLE_STRICT_OBJC_MSGSEND = YES;
				ENABLE_TESTABILITY = YES;
				GCC_C_LANGUAGE_STANDARD = gnu11;
				GCC_DYNAMIC_NO_PIC = NO;
				GCC_NO_COMMON_BLOCKS = YES;
				GCC_OPTIMIZATION_LEVEL = 0;
				GCC_PREPROCESSOR_DEFINITIONS = (
					"DEBUG=1",
					"$(inherited)",
				);
				GCC_WARN_64_TO_32_BIT_CONVERSION = YES;
				GCC_WARN_ABOUT_RETURN_TYPE = YES_ERROR;
				GCC_WARN_UNDECLARED_SELECTOR = YES;
				GCC_WARN_UNINITIALIZED_AUTOS = YES_AGGRESSIVE;
				GCC_WARN_UNUSED_FUNCTION = YES;
				GCC_WARN_UNUSED_VARIABLE = YES;
				IPHONEOS_DEPLOYMENT_TARGET = 13.2;
				MTL_ENABLE_DEBUG_INFO = INCLUDE_SOURCE;
				MTL_FAST_MATH = YES;
				ONLY_ACTIVE_ARCH = YES;
				SDKROOT = iphoneos;
				SWIFT_ACTIVE_COMPILATION_CONDITIONS = DEBUG;
				SWIFT_OPTIMIZATION_LEVEL = "-Onone";
			};
			name = Debug;
		};
		B41237EF23A3A81A0000567D /* Release */ = {
			isa = XCBuildConfiguration;
			buildSettings = {
				ALWAYS_SEARCH_USER_PATHS = NO;
				CLANG_ANALYZER_NONNULL = YES;
				CLANG_ANALYZER_NUMBER_OBJECT_CONVERSION = YES_AGGRESSIVE;
				CLANG_CXX_LANGUAGE_STANDARD = "gnu++14";
				CLANG_CXX_LIBRARY = "libc++";
				CLANG_ENABLE_MODULES = YES;
				CLANG_ENABLE_OBJC_ARC = YES;
				CLANG_ENABLE_OBJC_WEAK = YES;
				CLANG_WARN_BLOCK_CAPTURE_AUTORELEASING = YES;
				CLANG_WARN_BOOL_CONVERSION = YES;
				CLANG_WARN_COMMA = YES;
				CLANG_WARN_CONSTANT_CONVERSION = YES;
				CLANG_WARN_DEPRECATED_OBJC_IMPLEMENTATIONS = YES;
				CLANG_WARN_DIRECT_OBJC_ISA_USAGE = YES_ERROR;
				CLANG_WARN_DOCUMENTATION_COMMENTS = YES;
				CLANG_WARN_EMPTY_BODY = YES;
				CLANG_WARN_ENUM_CONVERSION = YES;
				CLANG_WARN_INFINITE_RECURSION = YES;
				CLANG_WARN_INT_CONVERSION = YES;
				CLANG_WARN_NON_LITERAL_NULL_CONVERSION = YES;
				CLANG_WARN_OBJC_IMPLICIT_RETAIN_SELF = YES;
				CLANG_WARN_OBJC_LITERAL_CONVERSION = YES;
				CLANG_WARN_OBJC_ROOT_CLASS = YES_ERROR;
				CLANG_WARN_RANGE_LOOP_ANALYSIS = YES;
				CLANG_WARN_STRICT_PROTOTYPES = YES;
				CLANG_WARN_SUSPICIOUS_MOVE = YES;
				CLANG_WARN_UNGUARDED_AVAILABILITY = YES_AGGRESSIVE;
				CLANG_WARN_UNREACHABLE_CODE = YES;
				CLANG_WARN__DUPLICATE_METHOD_MATCH = YES;
				COPY_PHASE_STRIP = NO;
				DEBUG_INFORMATION_FORMAT = "dwarf-with-dsym";
				ENABLE_NS_ASSERTIONS = NO;
				ENABLE_STRICT_OBJC_MSGSEND = YES;
				GCC_C_LANGUAGE_STANDARD = gnu11;
				GCC_NO_COMMON_BLOCKS = YES;
				GCC_WARN_64_TO_32_BIT_CONVERSION = YES;
				GCC_WARN_ABOUT_RETURN_TYPE = YES_ERROR;
				GCC_WARN_UNDECLARED_SELECTOR = YES;
				GCC_WARN_UNINITIALIZED_AUTOS = YES_AGGRESSIVE;
				GCC_WARN_UNUSED_FUNCTION = YES;
				GCC_WARN_UNUSED_VARIABLE = YES;
				IPHONEOS_DEPLOYMENT_TARGET = 13.2;
				MTL_ENABLE_DEBUG_INFO = NO;
				MTL_FAST_MATH = YES;
				SDKROOT = iphoneos;
				SWIFT_COMPILATION_MODE = wholemodule;
				SWIFT_OPTIMIZATION_LEVEL = "-O";
				VALIDATE_PRODUCT = YES;
			};
			name = Release;
		};
		B41237F123A3A81A0000567D /* Debug */ = {
			isa = XCBuildConfiguration;
			buildSettings = {
				ASSETCATALOG_COMPILER_APPICON_NAME = AppIcon;
				CODE_SIGN_STYLE = Automatic;
				DEVELOPMENT_TEAM = GH6J85WSL7;
				INFOPLIST_FILE = Mario/Info.plist;
				LD_RUNPATH_SEARCH_PATHS = (
					"$(inherited)",
					"@executable_path/Frameworks",
				);
				PRODUCT_BUNDLE_IDENTIFIER = dmtrii.Mario;
				PRODUCT_NAME = "$(TARGET_NAME)";
				SWIFT_VERSION = 5.0;
				TARGETED_DEVICE_FAMILY = 1;
			};
			name = Debug;
		};
		B41237F223A3A81A0000567D /* Release */ = {
			isa = XCBuildConfiguration;
			buildSettings = {
				ASSETCATALOG_COMPILER_APPICON_NAME = AppIcon;
				CODE_SIGN_STYLE = Automatic;
				DEVELOPMENT_TEAM = GH6J85WSL7;
				INFOPLIST_FILE = Mario/Info.plist;
				LD_RUNPATH_SEARCH_PATHS = (
					"$(inherited)",
					"@executable_path/Frameworks",
				);
				PRODUCT_BUNDLE_IDENTIFIER = dmtrii.Mario;
				PRODUCT_NAME = "$(TARGET_NAME)";
				SWIFT_VERSION = 5.0;
				TARGETED_DEVICE_FAMILY = 1;
			};
			name = Release;
		};
/* End XCBuildConfiguration section */

/* Begin XCConfigurationList section */
		B41237D323A3A8160000567D /* Build configuration list for PBXProject "Mario" */ = {
			isa = XCConfigurationList;
			buildConfigurations = (
				B41237EE23A3A81A0000567D /* Debug */,
				B41237EF23A3A81A0000567D /* Release */,
			);
			defaultConfigurationIsVisible = 0;
			defaultConfigurationName = Release;
		};
		B41237F023A3A81A0000567D /* Build configuration list for PBXNativeTarget "Mario" */ = {
			isa = XCConfigurationList;
			buildConfigurations = (
				B41237F123A3A81A0000567D /* Debug */,
				B41237F223A3A81A0000567D /* Release */,
			);
			defaultConfigurationIsVisible = 0;
			defaultConfigurationName = Release;
		};
/* End XCConfigurationList section */
	};
	rootObject = B41237D023A3A8160000567D /* Project object */;
}
